
Microsoft Visual Studio Solution File, Format Version 12.00
# Visual Studio Version 17
VisualStudioVersion = 17.13.35818.85 d17.13
MinimumVisualStudioVersion = 10.0.40219.1
Project("{FAE04EC0-301F-11D3-BF4B-00C04F79EFBC}") = "HandwritingPad", "HandwritingPad\HandwritingPad.csproj", "{AF619C06-EBA6-4A3D-8521-876E6334F111}"
EndProject
Global
	GlobalSection(SolutionConfigurationPlatforms) = preSolution
		Debug|Any CPU = Debug|Any CPU
		Release|Any CPU = Release|Any CPU
	EndGlobalSection
	GlobalSection(ProjectConfigurationPlatforms) = postSolution
		{AF619C06-EBA6-4A3D-8521-876E6334F111}.Debug|Any CPU.ActiveCfg = Debug|Any CPU
		{AF619C06-EBA6-4A3D-8521-876E6334F111}.Debug|Any CPU.Build.0 = Debug|Any CPU
		{AF619C06-EBA6-4A3D-8521-876E6334F111}.Release|Any CPU.ActiveCfg = Release|Any CPU
		{AF619C06-EBA6-4A3D-8521-876E6334F111}.Release|Any CPU.Build.0 = Release|Any CPU
	EndGlobalSection
	GlobalSection(SolutionProperties) = preSolution
		HideSolutionNode = FALSE
	EndGlobalSection
	GlobalSection(ExtensibilityGlobals) = postSolution
		SolutionGuid = {8D6901E2-4E8A-4BA6-8EFA-DA512F3FEF3B}
	EndGlobalSection
EndGlobal
